
Microsoft Visual Studio Solution File, Format Version 12.00
# 
Project("{FAE04EC0-301F-11D3-BF4B-00C04F79EFBC}") = "Zeiss.InventoryControl.PTeixeira", "Zeiss.InventoryControl.PTeixeira\Zeiss.InventoryControl.PTeixeira.csproj", "{C2C7FB64-A9C7-4062-92C6-B2CFEB09B2F1}"
EndProject
Project("{FAE04EC0-301F-11D3-BF4B-00C04F79EFBC}") = "Zeiss.InventoryControl.PTeixeira.Tests", "Zeiss.InventoryControl.PTeixeira.Tests\Zeiss.InventoryControl.PTeixeira.Tests.csproj", "{19CB92C8-CB84-4427-8C94-5248944C795A}"
EndProject
Global
	GlobalSection(SolutionConfigurationPlatforms) = preSolution
		Debug|Any CPU = Debug|Any CPU
		Release|Any CPU = Release|Any CPU
	EndGlobalSection
	GlobalSection(ProjectConfigurationPlatforms) = postSolution
		{C2C7FB64-A9C7-4062-92C6-B2CFEB09B2F1}.Debug|Any CPU.ActiveCfg = Debug|Any CPU
		{C2C7FB64-A9C7-4062-92C6-B2CFEB09B2F1}.Debug|Any CPU.Build.0 = Debug|Any CPU
		{C2C7FB64-A9C7-4062-92C6-B2CFEB09B2F1}.Release|Any CPU.ActiveCfg = Release|Any CPU
		{C2C7FB64-A9C7-4062-92C6-B2CFEB09B2F1}.Release|Any CPU.Build.0 = Release|Any CPU
		{19CB92C8-CB84-4427-8C94-5248944C795A}.Debug|Any CPU.ActiveCfg = Debug|Any CPU
		{19CB92C8-CB84-4427-8C94-5248944C795A}.Debug|Any CPU.Build.0 = Debug|Any CPU
		{19CB92C8-CB84-4427-8C94-5248944C795A}.Release|Any CPU.ActiveCfg = Release|Any CPU
		{19CB92C8-CB84-4427-8C94-5248944C795A}.Release|Any CPU.Build.0 = Release|Any CPU
	EndGlobalSection
EndGlobal
